<?xml version="1.0" encoding="utf-8"?>
<Project ToolsVersion="4.0" xmlns="http://schemas.microsoft.com/developer/msbuild/2003">
  <ItemGroup>
    <Filter Include="Source Files">
      <UniqueIdentifier>{4FC737F1-C7A5-4376-A066-2A32D752A2FF}</UniqueIdentifier>
      <Extensions>cpp;c;cc;cxx;def;odl;idl;hpj;bat;asm;asmx</Extensions>
    </Filter>
    <Filter Include="Header Files">
      <UniqueIdentifier>{93995380-89BD-4b04-88EB-625FBE52EBFB}</UniqueIdentifier>
      <Extensions>h;hpp;hxx;hm;inl;inc;xsd</Extensions>
    </Filter>
    <Filter Include="Resource Files">
      <UniqueIdentifier>{67DA6AB6-F800-4c08-8B7A-83BB121AAD01}</UniqueIdentifier>
      <Extensions>rc;ico;cur;bmp;dlg;rc2;rct;bin;rgs;gif;jpg;jpeg;jpe;resx;tiff;tif;png;wav;mfcribbon-ms</Extensions>
    </Filter>
  </ItemGroup>
  <ItemGroup>
    <ClCompile Include="exe.c">
      <Filter>Source Files</Filter>
    </ClCompile>
    <ClCompile Include="explorer_inject.c">
      <Filter>Source Files</Filter>
    </ClCompile>
    <ClCompile Include="options_load_save.c">
      <Filter>Source Files</Filter>
    </ClCompile>
    <ClCompile Include="settings_dlg.c">
      <Filter>Source Files</Filter>
    </ClCompile>
    <ClCompile Include="functions.c">
      <Filter>Source Files</Filter>
    </ClCompile>
    <ClCompile Include="options_dlg_handle.c">
      <Filter>Source Files</Filter>
    </ClCompile>
    <ClCompile Include="..\include\options_def.c">
      <Filter>Source Files</Filter>
    </ClCompile>
    <ClCompile Include="..\include\portable_settings.c">
      <Filter>Source Files</Filter>
    </ClCompile>
    <ClCompile Include="include\stdafx.c">
      <Filter>Source Files</Filter>
    </ClCompile>
    <ClCompile Include="advanced_options_dlg.c">
      <Filter>Source Files</Filter>
    </ClCompile>
    <ClCompile Include="explorer_inject_functions.c">
      <Filter>Source Files</Filter>
    </ClCompile>
    <ClCompile Include="settings.c">
      <Filter>Source Files</Filter>
    </ClCompile>
  </ItemGroup>
  <ItemGroup>
    <ClInclude Include="explorer_inject.h">
      <Filter>Header Files</Filter>
    </ClInclude>
    <ClInclude Include="options_load_save.h">
      <Filter>Header Files</Filter>
    </ClInclude>
    <ClInclude Include="resource.h">
      <Filter>Header Files</Filter>
    </ClInclude>
    <ClInclude Include="settings_dlg.h">
      <Filter>Header Files</Filter>
    </ClInclude>
    <ClInclude Include="functions.h">
      <Filter>Header Files</Filter>
    </ClInclude>
    <ClInclude Include="exe.h">
      <Filter>Header Files</Filter>
    </ClInclude>
    <ClInclude Include="options_dlg_handle.h">
      <Filter>Header Files</Filter>
    </ClInclude>
    <ClInclude Include="..\include\inject_init_struct_def.h">
      <Filter>Header Files</Filter>
    </ClInclude>
    <ClInclude Include="..\include\library_load_errors.h">
      <Filter>Header Files</Filter>
    </ClInclude>
    <ClInclude Include="..\include\options_def.h">
      <Filter>Header Files</Filter>
    </ClInclude>
    <ClInclude Include="..\include\portable_settings.h">
      <Filter>Header Files</Filter>
    </ClInclude>
    <ClInclude Include="..\include\version.h">
      <Filter>Header Files</Filter>
    </ClInclude>
    <ClInclude Include="include\stdafx.h">
      <Filter>Header Files</Filter>
    </ClInclude>
    <ClInclude Include="advanced_options_dlg.h">
      <Filter>Header Files</Filter>
    </ClInclude>
    <ClInclude Include="include\buffer.h">
      <Filter>Header Files</Filter>
    </ClInclude>
    <ClInclude Include="..\include\tweaker_messages.h">
      <Filter>Header Files</Filter>
    </ClInclude>
    <ClInclude Include="explorer_inject_functions.h">
      <Filter>Header Files</Filter>
    </ClInclude>
    <ClInclude Include="settings.h">
      <Filter>Header Files</Filter>
    </ClInclude>
  </ItemGroup>
  <ItemGroup>
    <None Include="rsrc_files\icon.ico">
      <Filter>Resource Files</Filter>
    </None>
    <None Include="rsrc_files\bg1.bmp">
      <Filter>Resource Files</Filter>
    </None>
    <None Include="rsrc_files\bg2.bmp">
      <Filter>Resource Files</Filter>
    </None>
    <None Include="rsrc_files\bg3.bmp">
      <Filter>Resource Files</Filter>
    </None>
    <None Include="rsrc.rc2">
      <Filter>Resource Files</Filter>
    </None>
    <None Include="rsrc_files\icon_update.ico">
      <Filter>Resource Files</Filter>
    </None>
  </ItemGroup>
  <ItemGroup>
    <ResourceCompile Include="rsrc.rc">
      <Filter>Resource Files</Filter>
    </ResourceCompile>
  </ItemGroup>
  <ItemGroup>
    <Image Include="rsrc_files\icon_tray.ico">
      <Filter>Resource Files</Filter>
    </Image>
  </ItemGroup>
</Project>