<?xml version="1.0" encoding="utf-8"?>
<Project ToolsVersion="4.0" xmlns="http://schemas.microsoft.com/developer/msbuild/2003">
  <ItemGroup>
    <Filter Include="Source Files">
      <UniqueIdentifier>{4FC737F1-C7A5-4376-A066-2A32D752A2FF}</UniqueIdentifier>
      <Extensions>cpp;c;cc;cxx;def;odl;idl;hpj;bat;asm;asmx</Extensions>
    </Filter>
    <Filter Include="Header Files">
      <UniqueIdentifier>{93995380-89BD-4b04-88EB-625FBE52EBFB}</UniqueIdentifier>
      <Extensions>h;hpp;hxx;hm;inl;inc;xsd</Extensions>
    </Filter>
    <Filter Include="Resource Files">
      <UniqueIdentifier>{67DA6AB6-F800-4c08-8B7A-83BB121AAD01}</UniqueIdentifier>
      <Extensions>rc;ico;cur;bmp;dlg;rc2;rct;bin;rgs;gif;jpg;jpeg;jpe;resx;tiff;tif;png;wav</Extensions>
    </Filter>
  </ItemGroup>
  <ItemGroup>
    <ClCompile Include="dll.c">
      <Filter>Source Files</Filter>
    </ClCompile>
    <ClCompile Include="functions.c">
      <Filter>Source Files</Filter>
    </ClCompile>
    <ClCompile Include="taskbar_inspector.c">
      <Filter>Source Files</Filter>
    </ClCompile>
    <ClCompile Include="appid_lists.c">
      <Filter>Source Files</Filter>
    </ClCompile>
    <ClCompile Include="com_func_hook.c">
      <Filter>Source Files</Filter>
    </ClCompile>
    <ClCompile Include="taskbar_refresh.c">
      <Filter>Source Files</Filter>
    </ClCompile>
    <ClCompile Include="mouse_hook.c">
      <Filter>Source Files</Filter>
    </ClCompile>
    <ClCompile Include="wnd_proc.c">
      <Filter>Source Files</Filter>
    </ClCompile>
    <ClCompile Include="sndvol.c">
      <Filter>Source Files</Filter>
    </ClCompile>
    <ClCompile Include="pointer_redirection.c">
      <Filter>Source Files</Filter>
    </ClCompile>
    <ClCompile Include="options_ex.c">
      <Filter>Source Files</Filter>
    </ClCompile>
    <ClCompile Include="mouse_button_control.c">
      <Filter>Source Files</Filter>
    </ClCompile>
    <ClCompile Include="..\include\options_def.c">
      <Filter>Source Files</Filter>
    </ClCompile>
    <ClCompile Include="..\include\portable_settings.c">
      <Filter>Source Files</Filter>
    </ClCompile>
    <ClCompile Include="keyboard_shortcuts.c">
      <Filter>Source Files</Filter>
    </ClCompile>
    <ClCompile Include="include\stdafx.c">
      <Filter>Source Files</Filter>
    </ClCompile>
    <ClCompile Include="prevent_explorer_appid_changes.c">
      <Filter>Source Files</Filter>
    </ClCompile>
    <ClCompile Include="dpa_func_hook.c">
      <Filter>Source Files</Filter>
    </ClCompile>
    <ClCompile Include="minhook_preloaded.c">
      <Filter>Source Files</Filter>
    </ClCompile>
    <ClCompile Include="explorer_vars.c">
      <Filter>Source Files</Filter>
    </ClCompile>
  </ItemGroup>
  <ItemGroup>
    <ClInclude Include="functions.h">
      <Filter>Header Files</Filter>
    </ClInclude>
    <ClInclude Include="wnd_proc.h">
      <Filter>Header Files</Filter>
    </ClInclude>
    <ClInclude Include="taskbar_inspector.h">
      <Filter>Header Files</Filter>
    </ClInclude>
    <ClInclude Include="resource.h">
      <Filter>Header Files</Filter>
    </ClInclude>
    <ClInclude Include="appid_lists.h">
      <Filter>Header Files</Filter>
    </ClInclude>
    <ClInclude Include="com_func_hook.h">
      <Filter>Header Files</Filter>
    </ClInclude>
    <ClInclude Include="taskbar_refresh.h">
      <Filter>Header Files</Filter>
    </ClInclude>
    <ClInclude Include="mouse_hook.h">
      <Filter>Header Files</Filter>
    </ClInclude>
    <ClInclude Include="sndvol.h">
      <Filter>Header Files</Filter>
    </ClInclude>
    <ClInclude Include="pointer_redirection.h">
      <Filter>Header Files</Filter>
    </ClInclude>
    <ClInclude Include="options_ex.h">
      <Filter>Header Files</Filter>
    </ClInclude>
    <ClInclude Include="uthash.h">
      <Filter>Header Files</Filter>
    </ClInclude>
    <ClInclude Include="mouse_button_control.h">
      <Filter>Header Files</Filter>
    </ClInclude>
    <ClInclude Include="..\include\inject_init_struct_def.h">
      <Filter>Header Files</Filter>
    </ClInclude>
    <ClInclude Include="..\include\library_load_errors.h">
      <Filter>Header Files</Filter>
    </ClInclude>
    <ClInclude Include="..\include\options_def.h">
      <Filter>Header Files</Filter>
    </ClInclude>
    <ClInclude Include="..\include\portable_settings.h">
      <Filter>Header Files</Filter>
    </ClInclude>
    <ClInclude Include="..\include\version.h">
      <Filter>Header Files</Filter>
    </ClInclude>
    <ClInclude Include="keyboard_shortcuts.h">
      <Filter>Header Files</Filter>
    </ClInclude>
    <ClInclude Include="include\stdafx.h">
      <Filter>Header Files</Filter>
    </ClInclude>
    <ClInclude Include="..\include\tweaker_messages.h">
      <Filter>Header Files</Filter>
    </ClInclude>
    <ClInclude Include="explorer_vars.h">
      <Filter>Header Files</Filter>
    </ClInclude>
    <ClInclude Include="prevent_explorer_appid_changes.h">
      <Filter>Header Files</Filter>
    </ClInclude>
    <ClInclude Include="dpa_func_hook.h">
      <Filter>Header Files</Filter>
    </ClInclude>
    <ClInclude Include="minhook_preloaded.h">
      <Filter>Header Files</Filter>
    </ClInclude>
  </ItemGroup>
  <ItemGroup>
    <ResourceCompile Include="rsrc.rc">
      <Filter>Resource Files</Filter>
    </ResourceCompile>
  </ItemGroup>
  <ItemGroup>
    <None Include="rsrc_files\appid.ico">
      <Filter>Resource Files</Filter>
    </None>
    <None Include="rsrc_files\def.ico">
      <Filter>Resource Files</Filter>
    </None>
    <None Include="rsrc.rc2">
      <Filter>Resource Files</Filter>
    </None>
  </ItemGroup>
</Project>